lockfileVersion: '9.0'

settings:
  autoInstallPeers: true
  excludeLinksFromLockfile: false

importers:

  .:
    devDependencies:
      turbo:
        specifier: 2.8.18
        version: 2.8.18

  apps/indexer: {}

  apps/web: {}

  packages/contracts: {}

  packages/shared-types: {}

packages:

  '@turbo/darwin-64@2.8.18':
    resolution: {integrity: sha512-3QNJ8VR2y1+AZX1HRB2uAvBWHWYpyWMYuDPAPHwhmpC74YweQmPh41dQZ9fkNcgT1eZNgYKf6Q3Hq7i0XK3Ybg==}
    cpu: [x64]
    os: [darwin]

  '@turbo/darwin-arm64@2.8.18':
    resolution: {integrity: sha512-kiFEHQ+l64yzRtFcBSdHG9s/EF3aEzzmkuR8e1ygv7ol1YnWwz5EQEbZz6Ajt1sNYYRlo0GXw/d1YanVS9KWPA==}
    cpu: [arm64]
    os: [darwin]

  '@turbo/linux-64@2.8.18':
    resolution: {integrity: sha512-GlMHBGfob6pOQv7t6imx11O0WJapVVNcJxw+HkliIr1ez8vr8SskM7njqOtqKBTaooCmGA71BFInNRZNYO9qlg==}
    cpu: [x64]
    os: [linux]

  '@turbo/linux-arm64@2.8.18':
    resolution: {integrity: sha512-ogWEZ8K/NznjnJU1idHYOA62Y7xYyMnt+kKTZzRNJ9Ye2japtjDkixC31yHaA9QJayb+yS5V8gNDjVfh2yGrIw==}
    cpu: [arm64]
    os: [linux]

  '@turbo/windows-64@2.8.18':
    resolution: {integrity: sha512-29g6qryc18ls7BKUmVsjjHAbx2eDgab5CUSPhbCKZYCBfzaW+i79wCzyVoC0NJ8IRNwbLch2QEzgGEoRC6uGOQ==}
    cpu: [x64]
    os: [win32]

  '@turbo/windows-arm64@2.8.18':
    resolution: {integrity: sha512-hLsgNDzDDO+Tq2YJ9uvmB2PFTYCgeNj6cyAOOBZP9rsOx0kxNBo4/OvDIgYl/cfo7wsoRBxNQ9giYR+rZMcAjA==}
    cpu: [arm64]
    os: [win32]

  turbo@2.8.18:
    resolution: {integrity: sha512-ZO5aYR8wXIcZ+KRL8W7RFWbqIRDyYHtesF/g9zPMndmq+KkX34qrZgG9M+YswJ6BGX4jlYC1FlJjleKENagJdw==}
    hasBin: true

snapshots:

  '@turbo/darwin-64@2.8.18':
    optional: true

  '@turbo/darwin-arm64@2.8.18':
    optional: true

  '@turbo/linux-64@2.8.18':
    optional: true

  '@turbo/linux-arm64@2.8.18':
    optional: true

  '@turbo/windows-64@2.8.18':
    optional: true

  '@turbo/windows-arm64@2.8.18':
    optional: true

  turbo@2.8.18:
    optionalDependencies:
      '@turbo/darwin-64': 2.8.18
      '@turbo/darwin-arm64': 2.8.18
      '@turbo/linux-64': 2.8.18
      '@turbo/linux-arm64': 2.8.18
      '@turbo/windows-64': 2.8.18
      '@turbo/windows-arm64': 2.8.18
